
Microsoft Visual Studio Solution File, Format Version 12.00
# Visual Studio Version 17
VisualStudioVersion = 17.11.35208.52
MinimumVisualStudioVersion = 10.0.40219.1
Project("{FAE04EC0-301F-11D3-BF4B-00C04F79EFBC}") = "Server_Arayüzlü", "Server_Arayüzlü\Server_Arayüzlü.csproj", "{D534991A-DCA7-45C7-83D9-7AEADAC7261F}"
EndProject
Global
	GlobalSection(SolutionConfigurationPlatforms) = preSolution
		Debug|Any CPU = Debug|Any CPU
		Release|Any CPU = Release|Any CPU
	EndGlobalSection
	GlobalSection(ProjectConfigurationPlatforms) = postSolution
		{D534991A-DCA7-45C7-83D9-7AEADAC7261F}.Debug|Any CPU.ActiveCfg = Debug|Any CPU
		{D534991A-DCA7-45C7-83D9-7AEADAC7261F}.Debug|Any CPU.Build.0 = Debug|Any CPU
		{D534991A-DCA7-45C7-83D9-7AEADAC7261F}.Release|Any CPU.ActiveCfg = Release|Any CPU
		{D534991A-DCA7-45C7-83D9-7AEADAC7261F}.Release|Any CPU.Build.0 = Release|Any CPU
	EndGlobalSection
	GlobalSection(SolutionProperties) = preSolution
		HideSolutionNode = FALSE
	EndGlobalSection
	GlobalSection(ExtensibilityGlobals) = postSolution
		SolutionGuid = {CBD84F45-C484-4D3D-88EB-58B0C269BA4F}
	EndGlobalSection
EndGlobal
